
Microsoft Visual Studio Solution File, Format Version 12.00
# Visual Studio Version 17
VisualStudioVersion = 17.8.34330.188
MinimumVisualStudioVersion = 10.0.40219.1
Project("{FAE04EC0-301F-11D3-BF4B-00C04F79EFBC}") = "OnlineEdu.API", "OnlineEdu.API\OnlineEdu.API.csproj", "{650CF859-FFDC-4C88-BD28-0AF3D54015E9}"
EndProject
Project("{FAE04EC0-301F-11D3-BF4B-00C04F79EFBC}") = "OnlineEdu.Entity", "OnlineEdu.Entity\OnlineEdu.Entity.csproj", "{FBC95230-730E-4F06-9521-041322D461A5}"
EndProject
Project("{FAE04EC0-301F-11D3-BF4B-00C04F79EFBC}") = "OnlineEdu.DataAccess", "OnlineEdu.DataAccess\OnlineEdu.DataAccess.csproj", "{F1FB2AA5-F6AC-402B-8AFB-B76FE4420822}"
EndProject
Project("{FAE04EC0-301F-11D3-BF4B-00C04F79EFBC}") = "OnlineEdu.Business", "OnlineEdu.Business\OnlineEdu.Business.csproj", "{5255F7E0-C849-43C4-9817-6D0BCF9F0233}"
EndProject
Project("{FAE04EC0-301F-11D3-BF4B-00C04F79EFBC}") = "OnlineEdu.DTO", "OnlineEdu.DTO\OnlineEdu.DTO.csproj", "{91173D65-CEA3-4EE8-AB1B-AEB64E5C622B}"
EndProject
Project("{FAE04EC0-301F-11D3-BF4B-00C04F79EFBC}") = "OnlineEdu.App", "OnlineEdu.App\OnlineEdu.App.csproj", "{9DA2E0B4-5148-4C7D-98D3-642360C332A4}"
EndProject
Global
	GlobalSection(SolutionConfigurationPlatforms) = preSolution
		Debug|Any CPU = Debug|Any CPU
		Release|Any CPU = Release|Any CPU
	EndGlobalSection
	GlobalSection(ProjectConfigurationPlatforms) = postSolution
		{650CF859-FFDC-4C88-BD28-0AF3D54015E9}.Debug|Any CPU.ActiveCfg = Debug|Any CPU
		{650CF859-FFDC-4C88-BD28-0AF3D54015E9}.Debug|Any CPU.Build.0 = Debug|Any CPU
		{650CF859-FFDC-4C88-BD28-0AF3D54015E9}.Release|Any CPU.ActiveCfg = Release|Any CPU
		{650CF859-FFDC-4C88-BD28-0AF3D54015E9}.Release|Any CPU.Build.0 = Release|Any CPU
		{FBC95230-730E-4F06-9521-041322D461A5}.Debug|Any CPU.ActiveCfg = Debug|Any CPU
		{FBC95230-730E-4F06-9521-041322D461A5}.Debug|Any CPU.Build.0 = Debug|Any CPU
		{FBC95230-730E-4F06-9521-041322D461A5}.Release|Any CPU.ActiveCfg = Release|Any CPU
		{FBC95230-730E-4F06-9521-041322D461A5}.Release|Any CPU.Build.0 = Release|Any CPU
		{F1FB2AA5-F6AC-402B-8AFB-B76FE4420822}.Debug|Any CPU.ActiveCfg = Debug|Any CPU
		{F1FB2AA5-F6AC-402B-8AFB-B76FE4420822}.Debug|Any CPU.Build.0 = Debug|Any CPU
		{F1FB2AA5-F6AC-402B-8AFB-B76FE4420822}.Release|Any CPU.ActiveCfg = Release|Any CPU
		{F1FB2AA5-F6AC-402B-8AFB-B76FE4420822}.Release|Any CPU.Build.0 = Release|Any CPU
		{5255F7E0-C849-43C4-9817-6D0BCF9F0233}.Debug|Any CPU.ActiveCfg = Debug|Any CPU
		{5255F7E0-C849-43C4-9817-6D0BCF9F0233}.Debug|Any CPU.Build.0 = Debug|Any CPU
		{5255F7E0-C849-43C4-9817-6D0BCF9F0233}.Release|Any CPU.ActiveCfg = Release|Any CPU
		{5255F7E0-C849-43C4-9817-6D0BCF9F0233}.Release|Any CPU.Build.0 = Release|Any CPU
		{91173D65-CEA3-4EE8-AB1B-AEB64E5C622B}.Debug|Any CPU.ActiveCfg = Debug|Any CPU
		{91173D65-CEA3-4EE8-AB1B-AEB64E5C622B}.Debug|Any CPU.Build.0 = Debug|Any CPU
		{91173D65-CEA3-4EE8-AB1B-AEB64E5C622B}.Release|Any CPU.ActiveCfg = Release|Any CPU
		{91173D65-CEA3-4EE8-AB1B-AEB64E5C622B}.Release|Any CPU.Build.0 = Release|Any CPU
		{9DA2E0B4-5148-4C7D-98D3-642360C332A4}.Debug|Any CPU.ActiveCfg = Debug|Any CPU
		{9DA2E0B4-5148-4C7D-98D3-642360C332A4}.Debug|Any CPU.Build.0 = Debug|Any CPU
		{9DA2E0B4-5148-4C7D-98D3-642360C332A4}.Release|Any CPU.ActiveCfg = Release|Any CPU
		{9DA2E0B4-5148-4C7D-98D3-642360C332A4}.Release|Any CPU.Build.0 = Release|Any CPU
	EndGlobalSection
	GlobalSection(SolutionProperties) = preSolution
		HideSolutionNode = FALSE
	EndGlobalSection
	GlobalSection(ExtensibilityGlobals) = postSolution
		SolutionGuid = {9CD3578C-7119-4819-854B-0A2F0E019991}
	EndGlobalSection
EndGlobal
